// !$*UTF8*$!
{
	archiveVersion = 1;
	classes = {
	};
	objectVersion = 48;
	objects = {

/* Begin PBXBuildFile section */
		4208B31A2121A09B0061E01E /* WeightConversion.swift in Sources */ = {isa = PBXBuildFile; fileRef = 4208B3192121A09B0061E01E /* WeightConversion.swift */; };
		426400FE21209E0D00EA8B64 /* AppDelegate.swift in Sources */ = {isa = PBXBuildFile; fileRef = 426400FD21209E0D00EA8B64 /* AppDelegate.swift */; };
		4264010021209E0D00EA8B64 /* FirstViewController.swift in Sources */ = {isa = PBXBuildFile; fileRef = 426400FF21209E0D00EA8B64 /* FirstViewController.swift */; };
		4264010221209E0D00EA8B64 /* SecondViewController.swift in Sources */ = {isa = PBXBuildFile; fileRef = 4264010121209E0D00EA8B64 /* SecondViewController.swift */; };
		4264010521209E0D00EA8B64 /* Main.storyboard in Resources */ = {isa = PBXBuildFile; fileRef = 4264010321209E0D00EA8B64 /* Main.storyboard */; };
		4264010721209E0D00EA8B64 /* Assets.xcassets in Resources */ = {isa = PBXBuildFile; fileRef = 4264010621209E0D00EA8B64 /* Assets.xcassets */; };
		4264010A21209E0D00EA8B64 /* LaunchScreen.storyboard in Resources */ = {isa = PBXBuildFile; fileRef = 4264010821209E0D00EA8B64 /* LaunchScreen.storyboard */; };
		42808F532121F0B60084F767 /* WeightsViewController.swift in Sources */ = {isa = PBXBuildFile; fileRef = 42808F522121F0B60084F767 /* WeightsViewController.swift */; };
		42BA92292123420200828BEC /* TemperatureConversion.swift in Sources */ = {isa = PBXBuildFile; fileRef = 42BA92282123420200828BEC /* TemperatureConversion.swift */; };
/* End PBXBuildFile section */

/* Begin PBXFileReference section */
		4208B3192121A09B0061E01E /* WeightConversion.swift */ = {isa = PBXFileReference; lastKnownFileType = sourcecode.swift; path = WeightConversion.swift; sourceTree = "<group>"; };
		426400FA21209E0D00EA8B64 /* it1500350_unitconverter.app */ = {isa = PBXFileReference; explicitFileType = wrapper.application; includeInIndex = 0; path = it1500350_unitconverter.app; sourceTree = BUILT_PRODUCTS_DIR; };
		426400FD21209E0D00EA8B64 /* AppDelegate.swift */ = {isa = PBXFileReference; lastKnownFileType = sourcecode.swift; path = AppDelegate.swift; sourceTree = "<group>"; };
		426400FF21209E0D00EA8B64 /* FirstViewController.swift */ = {isa = PBXFileReference; lastKnownFileType = sourcecode.swift; path = FirstViewController.swift; sourceTree = "<group>"; };
		4264010121209E0D00EA8B64 /* SecondViewController.swift */ = {isa = PBXFileReference; lastKnownFileType = sourcecode.swift; path = SecondViewController.swift; sourceTree = "<group>"; };
		4264010421209E0D00EA8B64 /* Base */ = {isa = PBXFileReference; lastKnownFileType = file.storyboard; name = Base; path = Base.lproj/Main.storyboard; sourceTree = "<group>"; };
		4264010621209E0D00EA8B64 /* Assets.xcassets */ = {isa = PBXFileReference; lastKnownFileType = folder.assetcatalog; path = Assets.xcassets; sourceTree = "<group>"; };
		4264010921209E0D00EA8B64 /* Base */ = {isa = PBXFileReference; lastKnownFileType = file.storyboard; name = Base; path = Base.lproj/LaunchScreen.storyboard; sourceTree = "<group>"; };
		4264010B21209E0D00EA8B64 /* Info.plist */ = {isa = PBXFileReference; lastKnownFileType = text.plist.xml; path = Info.plist; sourceTree = "<group>"; };
		42808F522121F0B60084F767 /* WeightsViewController.swift */ = {isa = PBXFileReference; lastKnownFileType = sourcecode.swift; path = WeightsViewController.swift; sourceTree = "<group>"; };
		42BA92282123420200828BEC /* TemperatureConversion.swift */ = {isa = PBXFileReference; lastKnownFileType = sourcecode.swift; path = TemperatureConversion.swift; sourceTree = "<group>"; };
/* End PBXFileReference section */

/* Begin PBXFrameworksBuildPhase section */
		426400F721209E0C00EA8B64 /* Frameworks */ = {
			isa = PBXFrameworksBuildPhase;
			buildActionMask = 2147483647;
			files = (
			);
			runOnlyForDeploymentPostprocessing = 0;
		};
/* End PBXFrameworksBuildPhase section */

/* Begin PBXGroup section */
		4208B31821219FA80061E01E /* conversion_controllers */ = {
			isa = PBXGroup;
			children = (
				4208B3192121A09B0061E01E /* WeightConversion.swift */,
				42BA92282123420200828BEC /* TemperatureConversion.swift */,
			);
			path = conversion_controllers;
			sourceTree = "<group>";
		};
		426400F121209E0C00EA8B64 = {
			isa = PBXGroup;
			children = (
				426400FC21209E0D00EA8B64 /* it1500350_unitconverter */,
				426400FB21209E0D00EA8B64 /* Products */,
			);
			sourceTree = "<group>";
		};
		426400FB21209E0D00EA8B64 /* Products */ = {
			isa = PBXGroup;
			children = (
				426400FA21209E0D00EA8B64 /* it1500350_unitconverter.app */,
			);
			name = Products;
			sourceTree = "<group>";
		};
		426400FC21209E0D00EA8B64 /* it1500350_unitconverter */ = {
			isa = PBXGroup;
			children = (
				4208B31821219FA80061E01E /* conversion_controllers */,
				426400FD21209E0D00EA8B64 /* AppDelegate.swift */,
				426400FF21209E0D00EA8B64 /* FirstViewController.swift */,
				4264010121209E0D00EA8B64 /* SecondViewController.swift */,
				4264010321209E0D00EA8B64 /* Main.storyboard */,
				4264010621209E0D00EA8B64 /* Assets.xcassets */,
				4264010821209E0D00EA8B64 /* LaunchScreen.storyboard */,
				4264010B21209E0D00EA8B64 /* Info.plist */,
				42808F522121F0B60084F767 /* WeightsViewController.swift */,
			);
			path = it1500350_unitconverter;
			sourceTree = "<group>";
		};
/* End PBXGroup section */

/* Begin PBXNativeTarget section */
		426400F921209E0C00EA8B64 /* it1500350_unitconverter */ = {
			isa = PBXNativeTarget;
			buildConfigurationList = 4264010E21209E0D00EA8B64 /* Build configuration list for PBXNativeTarget "it1500350_unitconverter" */;
			buildPhases = (
				426400F621209E0C00EA8B64 /* Sources */,
				426400F721209E0C00EA8B64 /* Frameworks */,
				426400F821209E0C00EA8B64 /* Resources */,
			);
			buildRules = (
			);
			dependencies = (
			);
			name = it1500350_unitconverter;
			productName = it1500350_unitconverter;
			productReference = 426400FA21209E0D00EA8B64 /* it1500350_unitconverter.app */;
			productType = "com.apple.product-type.application";
		};
/* End PBXNativeTarget section */

/* Begin PBXProject section */
		426400F221209E0C00EA8B64 /* Project object */ = {
			isa = PBXProject;
			attributes = {
				LastSwiftUpdateCheck = 0900;
				LastUpgradeCheck = 0900;
				ORGANIZATIONNAME = rushan;
				TargetAttributes = {
					426400F921209E0C00EA8B64 = {
						CreatedOnToolsVersion = 9.0;
						ProvisioningStyle = Automatic;
					};
				};
			};
			buildConfigurationList = 426400F521209E0C00EA8B64 /* Build configuration list for PBXProject "it1500350_unitconverter" */;
			compatibilityVersion = "Xcode 8.0";
			developmentRegion = en;
			hasScannedForEncodings = 0;
			knownRegions = (
				en,
				Base,
			);
			mainGroup = 426400F121209E0C00EA8B64;
			productRefGroup = 426400FB21209E0D00EA8B64 /* Products */;
			projectDirPath = "";
			projectRoot = "";
			targets = (
				426400F921209E0C00EA8B64 /* it1500350_unitconverter */,
			);
		};
/* End PBXProject section */

/* Begin PBXResourcesBuildPhase section */
		426400F821209E0C00EA8B64 /* Resources */ = {
			isa = PBXResourcesBuildPhase;
			buildActionMask = 2147483647;
			files = (
				4264010A21209E0D00EA8B64 /* LaunchScreen.storyboard in Resources */,
				4264010721209E0D00EA8B64 /* Assets.xcassets in Resources */,
				4264010521209E0D00EA8B64 /* Main.storyboard in Resources */,
			);
			runOnlyForDeploymentPostprocessing = 0;
		};
/* End PBXResourcesBuildPhase section */

/* Begin PBXSourcesBuildPhase section */
		426400F621209E0C00EA8B64 /* Sources */ = {
			isa = PBXSourcesBuildPhase;
			buildActionMask = 2147483647;
			files = (
				42BA92292123420200828BEC /* TemperatureConversion.swift in Sources */,
				42808F532121F0B60084F767 /* WeightsViewController.swift in Sources */,
				4264010221209E0D00EA8B64 /* SecondViewController.swift in Sources */,
				426400FE21209E0D00EA8B64 /* AppDelegate.swift in Sources */,
				4264010021209E0D00EA8B64 /* FirstViewController.swift in Sources */,
				4208B31A2121A09B0061E01E /* WeightConversion.swift in Sources */,
			);
			runOnlyForDeploymentPostprocessing = 0;
		};
/* End PBXSourcesBuildPhase section */

/* Begin PBXVariantGroup section */
		4264010321209E0D00EA8B64 /* Main.storyboard */ = {
			isa = PBXVariantGroup;
			children = (
				4264010421209E0D00EA8B64 /* Base */,
			);
			name = Main.storyboard;
			sourceTree = "<group>";
		};
		4264010821209E0D00EA8B64 /* LaunchScreen.storyboard */ = {
			isa = PBXVariantGroup;
			children = (
				4264010921209E0D00EA8B64 /* Base */,
			);
			name = LaunchScreen.storyboard;
			sourceTree = "<group>";
		};
/* End PBXVariantGroup section */

/* Begin XCBuildConfiguration section */
		4264010C21209E0D00EA8B64 /* Debug */ = {
			isa = XCBuildConfiguration;
			buildSettings = {
				ALWAYS_SEARCH_USER_PATHS = NO;
				CLANG_ANALYZER_NONNULL = YES;
				CLANG_ANALYZER_NUMBER_OBJECT_CONVERSION = YES_AGGRESSIVE;
				CLANG_CXX_LANGUAGE_STANDARD = "gnu++14";
				CLANG_CXX_LIBRARY = "libc++";
				CLANG_ENABLE_MODULES = YES;
				CLANG_ENABLE_OBJC_ARC = YES;
				CLANG_WARN_BLOCK_CAPTURE_AUTORELEASING = YES;
				CLANG_WARN_BOOL_CONVERSION = YES;
				CLANG_WARN_COMMA = YES;
				CLANG_WARN_CONSTANT_CONVERSION = YES;
				CLANG_WARN_DIRECT_OBJC_ISA_USAGE = YES_ERROR;
				CLANG_WARN_DOCUMENTATION_COMMENTS = YES;
				CLANG_WARN_EMPTY_BODY = YES;
				CLANG_WARN_ENUM_CONVERSION = YES;
				CLANG_WARN_INFINITE_RECURSION = YES;
				CLANG_WARN_INT_CONVERSION = YES;
				CLANG_WARN_NON_LITERAL_NULL_CONVERSION = YES;
				CLANG_WARN_OBJC_LITERAL_CONVERSION = YES;
				CLANG_WARN_OBJC_ROOT_CLASS = YES_ERROR;
				CLANG_WARN_RANGE_LOOP_ANALYSIS = YES;
				CLANG_WARN_STRICT_PROTOTYPES = YES;
				CLANG_WARN_SUSPICIOUS_MOVE = YES;
				CLANG_WARN_UNGUARDED_AVAILABILITY = YES_AGGRESSIVE;
				CLANG_WARN_UNREACHABLE_CODE = YES;
				CLANG_WARN__DUPLICATE_METHOD_MATCH = YES;
				CODE_SIGN_IDENTITY = "iPhone Developer";
				COPY_PHASE_STRIP = NO;
				DEBUG_INFORMATION_FORMAT = dwarf;
				ENABLE_STRICT_OBJC_MSGSEND = YES;
				ENABLE_TESTABILITY = YES;
				GCC_C_LANGUAGE_STANDARD = gnu11;
				GCC_DYNAMIC_NO_PIC = NO;
				GCC_NO_COMMON_BLOCKS = YES;
				GCC_OPTIMIZATION_LEVEL = 0;
				GCC_PREPROCESSOR_DEFINITIONS = (
					"DEBUG=1",
					"$(inherited)",
				);
				GCC_WARN_64_TO_32_BIT_CONVERSION = YES;
				GCC_WARN_ABOUT_RETURN_TYPE = YES_ERROR;
				GCC_WARN_UNDECLARED_SELECTOR = YES;
				GCC_WARN_UNINITIALIZED_AUTOS = YES_AGGRESSIVE;
				GCC_WARN_UNUSED_FUNCTION = YES;
				GCC_WARN_UNUSED_VARIABLE = YES;
				IPHONEOS_DEPLOYMENT_TARGET = 11.0;
				MTL_ENABLE_DEBUG_INFO = YES;
				ONLY_ACTIVE_ARCH = YES;
				SDKROOT = iphoneos;
				SWIFT_ACTIVE_COMPILATION_CONDITIONS = DEBUG;
				SWIFT_OPTIMIZATION_LEVEL = "-Onone";
			};
			name = Debug;
		};
		4264010D21209E0D00EA8B64 /* Release */ = {
			isa = XCBuildConfiguration;
			buildSettings = {
				ALWAYS_SEARCH_USER_PATHS = NO;
				CLANG_ANALYZER_NONNULL = YES;
				CLANG_ANALYZER_NUMBER_OBJECT_CONVERSION = YES_AGGRESSIVE;
				CLANG_CXX_LANGUAGE_STANDARD = "gnu++14";
				CLANG_CXX_LIBRARY = "libc++";
				CLANG_ENABLE_MODULES = YES;
				CLANG_ENABLE_OBJC_ARC = YES;
				CLANG_WARN_BLOCK_CAPTURE_AUTORELEASING = YES;
				CLANG_WARN_BOOL_CONVERSION = YES;
				CLANG_WARN_COMMA = YES;
				CLANG_WARN_CONSTANT_CONVERSION = YES;
				CLANG_WARN_DIRECT_OBJC_ISA_USAGE = YES_ERROR;
				CLANG_WARN_DOCUMENTATION_COMMENTS = YES;
				CLANG_WARN_EMPTY_BODY = YES;
				CLANG_WARN_ENUM_CONVERSION = YES;
				CLANG_WARN_INFINITE_RECURSION = YES;
				CLANG_WARN_INT_CONVERSION = YES;
				CLANG_WARN_NON_LITERAL_NULL_CONVERSION = YES;
				CLANG_WARN_OBJC_LITERAL_CONVERSION = YES;
				CLANG_WARN_OBJC_ROOT_CLASS = YES_ERROR;
				CLANG_WARN_RANGE_LOOP_ANALYSIS = YES;
				CLANG_WARN_STRICT_PROTOTYPES = YES;
				CLANG_WARN_SUSPICIOUS_MOVE = YES;
				CLANG_WARN_UNGUARDED_AVAILABILITY = YES_AGGRESSIVE;
				CLANG_WARN_UNREACHABLE_CODE = YES;
				CLANG_WARN__DUPLICATE_METHOD_MATCH = YES;
				CODE_SIGN_IDENTITY = "iPhone Developer";
				COPY_PHASE_STRIP = NO;
				DEBUG_INFORMATION_FORMAT = "dwarf-with-dsym";
				ENABLE_NS_ASSERTIONS = NO;
				ENABLE_STRICT_OBJC_MSGSEND = YES;
				GCC_C_LANGUAGE_STANDARD = gnu11;
				GCC_NO_COMMON_BLOCKS = YES;
				GCC_WARN_64_TO_32_BIT_CONVERSION = YES;
				GCC_WARN_ABOUT_RETURN_TYPE = YES_ERROR;
				GCC_WARN_UNDECLARED_SELECTOR = YES;
				GCC_WARN_UNINITIALIZED_AUTOS = YES_AGGRESSIVE;
				GCC_WARN_UNUSED_FUNCTION = YES;
				GCC_WARN_UNUSED_VARIABLE = YES;
				IPHONEOS_DEPLOYMENT_TARGET = 11.0;
				MTL_ENABLE_DEBUG_INFO = NO;
				SDKROOT = iphoneos;
				SWIFT_OPTIMIZATION_LEVEL = "-Owholemodule";
				VALIDATE_PRODUCT = YES;
			};
			name = Release;
		};
		4264010F21209E0D00EA8B64 /* Debug */ = {
			isa = XCBuildConfiguration;
			buildSettings = {
				ASSETCATALOG_COMPILER_APPICON_NAME = AppIcon;
				CODE_SIGN_STYLE = Automatic;
				INFOPLIST_FILE = it1500350_unitconverter/Info.plist;
				LD_RUNPATH_SEARCH_PATHS = "$(inherited) @executable_path/Frameworks";
				PRODUCT_BUNDLE_IDENTIFIER = "com.it1500350-unitconverter";
				PRODUCT_NAME = "$(TARGET_NAME)";
				SWIFT_VERSION = 4.0;
				TARGETED_DEVICE_FAMILY = "1,2";
			};
			name = Debug;
		};
		4264011021209E0D00EA8B64 /* Release */ = {
			isa = XCBuildConfiguration;
			buildSettings = {
				ASSETCATALOG_COMPILER_APPICON_NAME = AppIcon;
				CODE_SIGN_STYLE = Automatic;
				INFOPLIST_FILE = it1500350_unitconverter/Info.plist;
				LD_RUNPATH_SEARCH_PATHS = "$(inherited) @executable_path/Frameworks";
				PRODUCT_BUNDLE_IDENTIFIER = "com.it1500350-unitconverter";
				PRODUCT_NAME = "$(TARGET_NAME)";
				SWIFT_VERSION = 4.0;
				TARGETED_DEVICE_FAMILY = "1,2";
			};
			name = Release;
		};
/* End XCBuildConfiguration section */

/* Begin XCConfigurationList section */
		426400F521209E0C00EA8B64 /* Build configuration list for PBXProject "it1500350_unitconverter" */ = {
			isa = XCConfigurationList;
			buildConfigurations = (
				4264010C21209E0D00EA8B64 /* Debug */,
				4264010D21209E0D00EA8B64 /* Release */,
			);
			defaultConfigurationIsVisible = 0;
			defaultConfigurationName = Release;
		};
		4264010E21209E0D00EA8B64 /* Build configuration list for PBXNativeTarget "it1500350_unitconverter" */ = {
			isa = XCConfigurationList;
			buildConfigurations = (
				4264010F21209E0D00EA8B64 /* Debug */,
				4264011021209E0D00EA8B64 /* Release */,
			);
			defaultConfigurationIsVisible = 0;
			defaultConfigurationName = Release;
		};
/* End XCConfigurationList section */
	};
	rootObject = 426400F221209E0C00EA8B64 /* Project object */;
}
